# vx.lock - Auto-generated, do not edit manually
# Generated by vx 0.6.22

version = 2

[metadata]
generated_at = "2026-01-31T03:08:26Z"
vx_version = "0.6.22"
platform = "x86_64-pc-windows-msvc"

[tools.just]
version = "1.46.0"
source = "generic"
resolved_from = "latest"
ecosystem = "Generic"
download_url = "https://github.com/casey/just/releases/download/1.46.0/just-1.46.0-x86_64-pc-windows-msvc.zip"

[tools.python]
version = "3.11.13"
source = "python"
resolved_from = "3.11"
ecosystem = "Python"
download_url = "https://github.com/astral-sh/python-build-standalone/releases/download/20250610/cpython-3.11.13+20250610-x86_64-pc-windows-msvc-install_only_stripped.tar.gz"

[tools.rust]
version = "1.90.0"
source = "rust"
resolved_from = "1.90.0"
ecosystem = "Rust"

[tools.uv]
version = "0.9.28"
source = "python"
resolved_from = "latest"
ecosystem = "Python"
download_url = "https://github.com/astral-sh/uv/releases/download/0.9.28/uv-x86_64-pc-windows-msvc.zip"
